
Microsoft Visual Studio Solution File, Format Version 12.00
# Visual Studio 2013
VisualStudioVersion = 12.0.30723.0
MinimumVisualStudioVersion = 10.0.40219.1
Project("{9092AA53-FB77-4645-B42D-1CCCA6BD08BD}") = "breeze-client", "breeze-client.njsproj", "{AFA9FE5E-BDDC-40BF-B5FA-E613F96B41E5}"
EndProject
Global
	GlobalSection(SolutionConfigurationPlatforms) = preSolution
		Debug|Any CPU = Debug|Any CPU
		Release|Any CPU = Release|Any CPU
	EndGlobalSection
	GlobalSection(ProjectConfigurationPlatforms) = postSolution
		{AFA9FE5E-BDDC-40BF-B5FA-E613F96B41E5}.Debug|Any CPU.ActiveCfg = Debug|Any CPU
		{AFA9FE5E-BDDC-40BF-B5FA-E613F96B41E5}.Debug|Any CPU.Build.0 = Debug|Any CPU
		{AFA9FE5E-BDDC-40BF-B5FA-E613F96B41E5}.Release|Any CPU.ActiveCfg = Release|Any CPU
		{AFA9FE5E-BDDC-40BF-B5FA-E613F96B41E5}.Release|Any CPU.Build.0 = Release|Any CPU
	EndGlobalSection
	GlobalSection(SolutionProperties) = preSolution
		HideSolutionNode = FALSE
	EndGlobalSection
EndGlobal
